# THIS IS AN AUTOGENERATED FILE. DO NOT EDIT THIS FILE DIRECTLY.
# yarn lockfile v1


"@coreui/coreui@^5.4.0":
  version "5.4.0"
  resolved "https://registry.yarnpkg.com/@coreui/coreui/-/coreui-5.4.0.tgz#3cf76941aecbad3d17054909007618b3b10b3ce4"
  integrity sha512-PtLossDHiU8Q7l/MDwaNjvpleDcPKDhkqvYGAhF+/rolZQteQFwjTx/7jD+v5c0YP+PHu9kmhrfTCaHMwK0UPA==
  dependencies:
    html-entities "^2.6.0"
    html-to-md "^0.8.8"

bootstrap@^5.3.6:
  version "5.3.6"
  resolved "https://registry.yarnpkg.com/bootstrap/-/bootstrap-5.3.6.tgz#fbd91ebaff093f5b191a1c01a8c866d24f9fa6e1"
  integrity sha512-jX0GAcRzvdwISuvArXn3m7KZscWWFAf1MKBcnzaN02qWMb3jpMoUX4/qgeiGzqyIb4ojulRzs89UCUmGcFSzTA==

html-entities@^2.6.0:
  version "2.6.0"
  resolved "https://registry.yarnpkg.com/html-entities/-/html-entities-2.6.0.tgz#7c64f1ea3b36818ccae3d3fb48b6974208e984f8"
  integrity sha512-kig+rMn/QOVRvr7c86gQ8lWXq+Hkv6CbAH1hLu+RG338StTpE8Z0b44SDVaqVu7HGKf27frdmUYEs9hTUX/cLQ==

html-to-md@^0.8.8:
  version "0.8.8"
  resolved "https://registry.yarnpkg.com/html-to-md/-/html-to-md-0.8.8.tgz#50e589dd8dcf26c3ccfdb294be5ab2e20409e459"
  integrity sha512-lgK3KKagobOguNi1XOfNaTtFSsjySir1CPfzewzVUjFM4x0RASnyZu47Hoe9nStpWFwpOwIrdxXzhxLIRbWllQ==
